// !$*UTF8*$!
{
	archiveVersion = 1;
	classes = {
	};
	objectVersion = 50;
	objects = {

/* Begin PBXBuildFile section */
		0377D77521F7FD6100439964 /* AppDelegate.swift in Sources */ = {isa = PBXBuildFile; fileRef = 0377D77421F7FD6100439964 /* AppDelegate.swift */; };
		0377D77721F7FD6100439964 /* ViewController.swift in Sources */ = {isa = PBXBuildFile; fileRef = 0377D77621F7FD6100439964 /* ViewController.swift */; };
		0377D77A21F7FD6100439964 /* Main.storyboard in Resources */ = {isa = PBXBuildFile; fileRef = 0377D77821F7FD6100439964 /* Main.storyboard */; };
		0377D77C21F7FD6200439964 /* Assets.xcassets in Resources */ = {isa = PBXBuildFile; fileRef = 0377D77B21F7FD6200439964 /* Assets.xcassets */; };
		0377D77F21F7FD6200439964 /* LaunchScreen.storyboard in Resources */ = {isa = PBXBuildFile; fileRef = 0377D77D21F7FD6200439964 /* LaunchScreen.storyboard */; };
		0377D78721F80CA000439964 /* MovieStartLayoutButton.swift in Sources */ = {isa = PBXBuildFile; fileRef = 0377D78621F80CA000439964 /* MovieStartLayoutButton.swift */; };
/* End PBXBuildFile section */

/* Begin PBXFileReference section */
		0377D77121F7FD6100439964 /* MovieButton.app */ = {isa = PBXFileReference; explicitFileType = wrapper.application; includeInIndex = 0; path = MovieButton.app; sourceTree = BUILT_PRODUCTS_DIR; };
		0377D77421F7FD6100439964 /* AppDelegate.swift */ = {isa = PBXFileReference; lastKnownFileType = sourcecode.swift; path = AppDelegate.swift; sourceTree = "<group>"; };
		0377D77621F7FD6100439964 /* ViewController.swift */ = {isa = PBXFileReference; lastKnownFileType = sourcecode.swift; path = ViewController.swift; sourceTree = "<group>"; };
		0377D77921F7FD6100439964 /* Base */ = {isa = PBXFileReference; lastKnownFileType = file.storyboard; name = Base; path = Base.lproj/Main.storyboard; sourceTree = "<group>"; };
		0377D77B21F7FD6200439964 /* Assets.xcassets */ = {isa = PBXFileReference; lastKnownFileType = folder.assetcatalog; path = Assets.xcassets; sourceTree = "<group>"; };
		0377D77E21F7FD6200439964 /* Base */ = {isa = PBXFileReference; lastKnownFileType = file.storyboard; name = Base; path = Base.lproj/LaunchScreen.storyboard; sourceTree = "<group>"; };
		0377D78021F7FD6200439964 /* Info.plist */ = {isa = PBXFileReference; lastKnownFileType = text.plist.xml; path = Info.plist; sourceTree = "<group>"; };
		0377D78621F80CA000439964 /* MovieStartLayoutButton.swift */ = {isa = PBXFileReference; lastKnownFileType = sourcecode.swift; path = MovieStartLayoutButton.swift; sourceTree = "<group>"; };
/* End PBXFileReference section */

/* Begin PBXFrameworksBuildPhase section */
		0377D76E21F7FD6100439964 /* Frameworks */ = {
			isa = PBXFrameworksBuildPhase;
			buildActionMask = 2147483647;
			files = (
			);
			runOnlyForDeploymentPostprocessing = 0;
		};
/* End PBXFrameworksBuildPhase section */

/* Begin PBXGroup section */
		0377D76821F7FD6100439964 = {
			isa = PBXGroup;
			children = (
				0377D77321F7FD6100439964 /* MovieButton */,
				0377D77221F7FD6100439964 /* Products */,
			);
			sourceTree = "<group>";
		};
		0377D77221F7FD6100439964 /* Products */ = {
			isa = PBXGroup;
			children = (
				0377D77121F7FD6100439964 /* MovieButton.app */,
			);
			name = Products;
			sourceTree = "<group>";
		};
		0377D77321F7FD6100439964 /* MovieButton */ = {
			isa = PBXGroup;
			children = (
				0377D77421F7FD6100439964 /* AppDelegate.swift */,
				0377D77621F7FD6100439964 /* ViewController.swift */,
				0377D77821F7FD6100439964 /* Main.storyboard */,
				0377D77B21F7FD6200439964 /* Assets.xcassets */,
				0377D77D21F7FD6200439964 /* LaunchScreen.storyboard */,
				0377D78021F7FD6200439964 /* Info.plist */,
				0377D78621F80CA000439964 /* MovieStartLayoutButton.swift */,
			);
			path = MovieButton;
			sourceTree = "<group>";
		};
/* End PBXGroup section */

/* Begin PBXNativeTarget section */
		0377D77021F7FD6100439964 /* MovieButton */ = {
			isa = PBXNativeTarget;
			buildConfigurationList = 0377D78321F7FD6200439964 /* Build configuration list for PBXNativeTarget "MovieButton" */;
			buildPhases = (
				0377D76D21F7FD6100439964 /* Sources */,
				0377D76E21F7FD6100439964 /* Frameworks */,
				0377D76F21F7FD6100439964 /* Resources */,
			);
			buildRules = (
			);
			dependencies = (
			);
			name = MovieButton;
			productName = MovieButton;
			productReference = 0377D77121F7FD6100439964 /* MovieButton.app */;
			productType = "com.apple.product-type.application";
		};
/* End PBXNativeTarget section */

/* Begin PBXProject section */
		0377D76921F7FD6100439964 /* Project object */ = {
			isa = PBXProject;
			attributes = {
				LastSwiftUpdateCheck = 0940;
				LastUpgradeCheck = 0940;
				ORGANIZATIONNAME = Kentarou;
				TargetAttributes = {
					0377D77021F7FD6100439964 = {
						CreatedOnToolsVersion = 9.4.1;
					};
				};
			};
			buildConfigurationList = 0377D76C21F7FD6100439964 /* Build configuration list for PBXProject "MovieButton" */;
			compatibilityVersion = "Xcode 9.3";
			developmentRegion = en;
			hasScannedForEncodings = 0;
			knownRegions = (
				en,
				Base,
			);
			mainGroup = 0377D76821F7FD6100439964;
			productRefGroup = 0377D77221F7FD6100439964 /* Products */;
			projectDirPath = "";
			projectRoot = "";
			targets = (
				0377D77021F7FD6100439964 /* MovieButton */,
			);
		};
/* End PBXProject section */

/* Begin PBXResourcesBuildPhase section */
		0377D76F21F7FD6100439964 /* Resources */ = {
			isa = PBXResourcesBuildPhase;
			buildActionMask = 2147483647;
			files = (
				0377D77F21F7FD6200439964 /* LaunchScreen.storyboard in Resources */,
				0377D77C21F7FD6200439964 /* Assets.xcassets in Resources */,
				0377D77A21F7FD6100439964 /* Main.storyboard in Resources */,
			);
			runOnlyForDeploymentPostprocessing = 0;
		};
/* End PBXResourcesBuildPhase section */

/* Begin PBXSourcesBuildPhase section */
		0377D76D21F7FD6100439964 /* Sources */ = {
			isa = PBXSourcesBuildPhase;
			buildActionMask = 2147483647;
			files = (
				0377D77721F7FD6100439964 /* ViewController.swift in Sources */,
				0377D78721F80CA000439964 /* MovieStartLayoutButton.swift in Sources */,
				0377D77521F7FD6100439964 /* AppDelegate.swift in Sources */,
			);
			runOnlyForDeploymentPostprocessing = 0;
		};
/* End PBXSourcesBuildPhase section */

/* Begin PBXVariantGroup section */
		0377D77821F7FD6100439964 /* Main.storyboard */ = {
			isa = PBXVariantGroup;
			children = (
				0377D77921F7FD6100439964 /* Base */,
			);
			name = Main.storyboard;
			sourceTree = "<group>";
		};
		0377D77D21F7FD6200439964 /* LaunchScreen.storyboard */ = {
			isa = PBXVariantGroup;
			children = (
				0377D77E21F7FD6200439964 /* Base */,
			);
			name = LaunchScreen.storyboard;
			sourceTree = "<group>";
		};
/* End PBXVariantGroup section */

/* Begin XCBuildConfiguration section */
		0377D78121F7FD6200439964 /* Debug */ = {
			isa = XCBuildConfiguration;
			buildSettings = {
				ALWAYS_SEARCH_USER_PATHS = NO;
				CLANG_ANALYZER_NONNULL = YES;
				CLANG_ANALYZER_NUMBER_OBJECT_CONVERSION = YES_AGGRESSIVE;
				CLANG_CXX_LANGUAGE_STANDARD = "gnu++14";
				CLANG_CXX_LIBRARY = "libc++";
				CLANG_ENABLE_MODULES = YES;
				CLANG_ENABLE_OBJC_ARC = YES;
				CLANG_ENABLE_OBJC_WEAK = YES;
				CLANG_WARN_BLOCK_CAPTURE_AUTORELEASING = YES;
				CLANG_WARN_BOOL_CONVERSION = YES;
				CLANG_WARN_COMMA = YES;
				CLANG_WARN_CONSTANT_CONVERSION = YES;
				CLANG_WARN_DEPRECATED_OBJC_IMPLEMENTATIONS = YES;
				CLANG_WARN_DIRECT_OBJC_ISA_USAGE = YES_ERROR;
				CLANG_WARN_DOCUMENTATION_COMMENTS = YES;
				CLANG_WARN_EMPTY_BODY = YES;
				CLANG_WARN_ENUM_CONVERSION = YES;
				CLANG_WARN_INFINITE_RECURSION = YES;
				CLANG_WARN_INT_CONVERSION = YES;
				CLANG_WARN_NON_LITERAL_NULL_CONVERSION = YES;
				CLANG_WARN_OBJC_IMPLICIT_RETAIN_SELF = YES;
				CLANG_WARN_OBJC_LITERAL_CONVERSION = YES;
				CLANG_WARN_OBJC_ROOT_CLASS = YES_ERROR;
				CLANG_WARN_RANGE_LOOP_ANALYSIS = YES;
				CLANG_WARN_STRICT_PROTOTYPES = YES;
				CLANG_WARN_SUSPICIOUS_MOVE = YES;
				CLANG_WARN_UNGUARDED_AVAILABILITY = YES_AGGRESSIVE;
				CLANG_WARN_UNREACHABLE_CODE = YES;
				CLANG_WARN__DUPLICATE_METHOD_MATCH = YES;
				CODE_SIGN_IDENTITY = "iPhone Developer";
				COPY_PHASE_STRIP = NO;
				DEBUG_INFORMATION_FORMAT = dwarf;
				ENABLE_STRICT_OBJC_MSGSEND = YES;
				ENABLE_TESTABILITY = YES;
				GCC_C_LANGUAGE_STANDARD = gnu11;
				GCC_DYNAMIC_NO_PIC = NO;
				GCC_NO_COMMON_BLOCKS = YES;
				GCC_OPTIMIZATION_LEVEL = 0;
				GCC_PREPROCESSOR_DEFINITIONS = (
					"DEBUG=1",
					"$(inherited)",
				);
				GCC_WARN_64_TO_32_BIT_CONVERSION = YES;
				GCC_WARN_ABOUT_RETURN_TYPE = YES_ERROR;
				GCC_WARN_UNDECLARED_SELECTOR = YES;
				GCC_WARN_UNINITIALIZED_AUTOS = YES_AGGRESSIVE;
				GCC_WARN_UNUSED_FUNCTION = YES;
				GCC_WARN_UNUSED_VARIABLE = YES;
				IPHONEOS_DEPLOYMENT_TARGET = 11.4;
				MTL_ENABLE_DEBUG_INFO = YES;
				ONLY_ACTIVE_ARCH = YES;
				SDKROOT = iphoneos;
				SWIFT_ACTIVE_COMPILATION_CONDITIONS = DEBUG;
				SWIFT_OPTIMIZATION_LEVEL = "-Onone";
			};
			name = Debug;
		};
		0377D78221F7FD6200439964 /* Release */ = {
			isa = XCBuildConfiguration;
			buildSettings = {
				ALWAYS_SEARCH_USER_PATHS = NO;
				CLANG_ANALYZER_NONNULL = YES;
				CLANG_ANALYZER_NUMBER_OBJECT_CONVERSION = YES_AGGRESSIVE;
				CLANG_CXX_LANGUAGE_STANDARD = "gnu++14";
				CLANG_CXX_LIBRARY = "libc++";
				CLANG_ENABLE_MODULES = YES;
				CLANG_ENABLE_OBJC_ARC = YES;
				CLANG_ENABLE_OBJC_WEAK = YES;
				CLANG_WARN_BLOCK_CAPTURE_AUTORELEASING = YES;
				CLANG_WARN_BOOL_CONVERSION = YES;
				CLANG_WARN_COMMA = YES;
				CLANG_WARN_CONSTANT_CONVERSION = YES;
				CLANG_WARN_DEPRECATED_OBJC_IMPLEMENTATIONS = YES;
				CLANG_WARN_DIRECT_OBJC_ISA_USAGE = YES_ERROR;
				CLANG_WARN_DOCUMENTATION_COMMENTS = YES;
				CLANG_WARN_EMPTY_BODY = YES;
				CLANG_WARN_ENUM_CONVERSION = YES;
				CLANG_WARN_INFINITE_RECURSION = YES;
				CLANG_WARN_INT_CONVERSION = YES;
				CLANG_WARN_NON_LITERAL_NULL_CONVERSION = YES;
				CLANG_WARN_OBJC_IMPLICIT_RETAIN_SELF = YES;
				CLANG_WARN_OBJC_LITERAL_CONVERSION = YES;
				CLANG_WARN_OBJC_ROOT_CLASS = YES_ERROR;
				CLANG_WARN_RANGE_LOOP_ANALYSIS = YES;
				CLANG_WARN_STRICT_PROTOTYPES = YES;
				CLANG_WARN_SUSPICIOUS_MOVE = YES;
				CLANG_WARN_UNGUARDED_AVAILABILITY = YES_AGGRESSIVE;
				CLANG_WARN_UNREACHABLE_CODE = YES;
				CLANG_WARN__DUPLICATE_METHOD_MATCH = YES;
				CODE_SIGN_IDENTITY = "iPhone Developer";
				COPY_PHASE_STRIP = NO;
				DEBUG_INFORMATION_FORMAT = "dwarf-with-dsym";
				ENABLE_NS_ASSERTIONS = NO;
				ENABLE_STRICT_OBJC_MSGSEND = YES;
				GCC_C_LANGUAGE_STANDARD = gnu11;
				GCC_NO_COMMON_BLOCKS = YES;
				GCC_WARN_64_TO_32_BIT_CONVERSION = YES;
				GCC_WARN_ABOUT_RETURN_TYPE = YES_ERROR;
				GCC_WARN_UNDECLARED_SELECTOR = YES;
				GCC_WARN_UNINITIALIZED_AUTOS = YES_AGGRESSIVE;
				GCC_WARN_UNUSED_FUNCTION = YES;
				GCC_WARN_UNUSED_VARIABLE = YES;
				IPHONEOS_DEPLOYMENT_TARGET = 11.4;
				MTL_ENABLE_DEBUG_INFO = NO;
				SDKROOT = iphoneos;
				SWIFT_COMPILATION_MODE = wholemodule;
				SWIFT_OPTIMIZATION_LEVEL = "-O";
				VALIDATE_PRODUCT = YES;
			};
			name = Release;
		};
		0377D78421F7FD6200439964 /* Debug */ = {
			isa = XCBuildConfiguration;
			buildSettings = {
				ASSETCATALOG_COMPILER_APPICON_NAME = AppIcon;
				CODE_SIGN_STYLE = Automatic;
				DEVELOPMENT_TEAM = ZGDYV3KT3T;
				INFOPLIST_FILE = MovieButton/Info.plist;
				LD_RUNPATH_SEARCH_PATHS = (
					"$(inherited)",
					"@executable_path/Frameworks",
				);
				PRODUCT_BUNDLE_IDENTIFIER = "Kentarou-Tsurumoto.MovieButton";
				PRODUCT_NAME = "$(TARGET_NAME)";
				SWIFT_VERSION = 4.0;
				TARGETED_DEVICE_FAMILY = "1,2";
			};
			name = Debug;
		};
		0377D78521F7FD6200439964 /* Release */ = {
			isa = XCBuildConfiguration;
			buildSettings = {
				ASSETCATALOG_COMPILER_APPICON_NAME = AppIcon;
				CODE_SIGN_STYLE = Automatic;
				DEVELOPMENT_TEAM = ZGDYV3KT3T;
				INFOPLIST_FILE = MovieButton/Info.plist;
				LD_RUNPATH_SEARCH_PATHS = (
					"$(inherited)",
					"@executable_path/Frameworks",
				);
				PRODUCT_BUNDLE_IDENTIFIER = "Kentarou-Tsurumoto.MovieButton";
				PRODUCT_NAME = "$(TARGET_NAME)";
				SWIFT_VERSION = 4.0;
				TARGETED_DEVICE_FAMILY = "1,2";
			};
			name = Release;
		};
/* End XCBuildConfiguration section */

/* Begin XCConfigurationList section */
		0377D76C21F7FD6100439964 /* Build configuration list for PBXProject "MovieButton" */ = {
			isa = XCConfigurationList;
			buildConfigurations = (
				0377D78121F7FD6200439964 /* Debug */,
				0377D78221F7FD6200439964 /* Release */,
			);
			defaultConfigurationIsVisible = 0;
			defaultConfigurationName = Release;
		};
		0377D78321F7FD6200439964 /* Build configuration list for PBXNativeTarget "MovieButton" */ = {
			isa = XCConfigurationList;
			buildConfigurations = (
				0377D78421F7FD6200439964 /* Debug */,
				0377D78521F7FD6200439964 /* Release */,
			);
			defaultConfigurationIsVisible = 0;
			defaultConfigurationName = Release;
		};
/* End XCConfigurationList section */
	};
	rootObject = 0377D76921F7FD6100439964 /* Project object */;
}
